// !$*UTF8*$!
{
	archiveVersion = 1;
	classes = {
	};
	objectVersion = 46;
	objects = {

/* Begin PBXBuildFile section */
		2814E0A022F050C500F85342 /* RNSslPinning.m in Sources */ = {isa = PBXBuildFile; fileRef = 2814E09E22F050C400F85342 /* RNSslPinning.m */; };
		2814E0AF22F050E900F85342 /* AFURLRequestSerialization.m in Sources */ = {isa = PBXBuildFile; fileRef = 2814E0A222F050E800F85342 /* AFURLRequestSerialization.m */; };
		2814E0B022F050E900F85342 /* AFHTTPSessionManager.m in Sources */ = {isa = PBXBuildFile; fileRef = 2814E0A422F050E900F85342 /* AFHTTPSessionManager.m */; };
		2814E0B122F050E900F85342 /* AFURLSessionManager.m in Sources */ = {isa = PBXBuildFile; fileRef = 2814E0A522F050E900F85342 /* AFURLSessionManager.m */; };
		2814E0B222F050E900F85342 /* AFURLResponseSerialization.m in Sources */ = {isa = PBXBuildFile; fileRef = 2814E0A622F050E900F85342 /* AFURLResponseSerialization.m */; };
		2814E0B322F050E900F85342 /* AFNetworkReachabilityManager.m in Sources */ = {isa = PBXBuildFile; fileRef = 2814E0A822F050E900F85342 /* AFNetworkReachabilityManager.m */; };
		2814E0B422F050E900F85342 /* AFSecurityPolicy.m in Sources */ = {isa = PBXBuildFile; fileRef = 2814E0AB22F050E900F85342 /* AFSecurityPolicy.m */; };
/* End PBXBuildFile section */

/* Begin PBXCopyFilesBuildPhase section */
		58B511D91A9E6C8500147676 /* CopyFiles */ = {
			isa = PBXCopyFilesBuildPhase;
			buildActionMask = 2147483647;
			dstPath = "include/$(PRODUCT_NAME)";
			dstSubfolderSpec = 16;
			files = (
			);
			runOnlyForDeploymentPostprocessing = 0;
		};
/* End PBXCopyFilesBuildPhase section */

/* Begin PBXFileReference section */
		134814201AA4EA6300B7C361 /* libRNSslPinning.a */ = {isa = PBXFileReference; explicitFileType = archive.ar; includeInIndex = 0; path = libRNSslPinning.a; sourceTree = BUILT_PRODUCTS_DIR; };
		2814E09E22F050C400F85342 /* RNSslPinning.m */ = {isa = PBXFileReference; fileEncoding = 4; lastKnownFileType = sourcecode.c.objc; path = RNSslPinning.m; sourceTree = "<group>"; };
		2814E09F22F050C400F85342 /* RNSslPinning.h */ = {isa = PBXFileReference; fileEncoding = 4; lastKnownFileType = sourcecode.c.h; path = RNSslPinning.h; sourceTree = "<group>"; };
		2814E0A122F050E800F85342 /* AFCompatibilityMacros.h */ = {isa = PBXFileReference; fileEncoding = 4; lastKnownFileType = sourcecode.c.h; name = AFCompatibilityMacros.h; path = RNSslPinning/AFNetworking/AFCompatibilityMacros.h; sourceTree = SOURCE_ROOT; };
		2814E0A222F050E800F85342 /* AFURLRequestSerialization.m */ = {isa = PBXFileReference; fileEncoding = 4; lastKnownFileType = sourcecode.c.objc; name = AFURLRequestSerialization.m; path = RNSslPinning/AFNetworking/AFURLRequestSerialization.m; sourceTree = SOURCE_ROOT; };
		2814E0A322F050E900F85342 /* AFURLRequestSerialization.h */ = {isa = PBXFileReference; fileEncoding = 4; lastKnownFileType = sourcecode.c.h; name = AFURLRequestSerialization.h; path = RNSslPinning/AFNetworking/AFURLRequestSerialization.h; sourceTree = SOURCE_ROOT; };
		2814E0A422F050E900F85342 /* AFHTTPSessionManager.m */ = {isa = PBXFileReference; fileEncoding = 4; lastKnownFileType = sourcecode.c.objc; name = AFHTTPSessionManager.m; path = RNSslPinning/AFNetworking/AFHTTPSessionManager.m; sourceTree = SOURCE_ROOT; };
		2814E0A522F050E900F85342 /* AFURLSessionManager.m */ = {isa = PBXFileReference; fileEncoding = 4; lastKnownFileType = sourcecode.c.objc; name = AFURLSessionManager.m; path = RNSslPinning/AFNetworking/AFURLSessionManager.m; sourceTree = SOURCE_ROOT; };
		2814E0A622F050E900F85342 /* AFURLResponseSerialization.m */ = {isa = PBXFileReference; fileEncoding = 4; lastKnownFileType = sourcecode.c.objc; name = AFURLResponseSerialization.m; path = RNSslPinning/AFNetworking/AFURLResponseSerialization.m; sourceTree = SOURCE_ROOT; };
		2814E0A722F050E900F85342 /* AFURLResponseSerialization.h */ = {isa = PBXFileReference; fileEncoding = 4; lastKnownFileType = sourcecode.c.h; name = AFURLResponseSerialization.h; path = RNSslPinning/AFNetworking/AFURLResponseSerialization.h; sourceTree = SOURCE_ROOT; };
		2814E0A822F050E900F85342 /* AFNetworkReachabilityManager.m */ = {isa = PBXFileReference; fileEncoding = 4; lastKnownFileType = sourcecode.c.objc; name = AFNetworkReachabilityManager.m; path = RNSslPinning/AFNetworking/AFNetworkReachabilityManager.m; sourceTree = SOURCE_ROOT; };
		2814E0A922F050E900F85342 /* AFNetworking.h */ = {isa = PBXFileReference; fileEncoding = 4; lastKnownFileType = sourcecode.c.h; name = AFNetworking.h; path = RNSslPinning/AFNetworking/AFNetworking.h; sourceTree = SOURCE_ROOT; };
		2814E0AA22F050E900F85342 /* AFURLSessionManager.h */ = {isa = PBXFileReference; fileEncoding = 4; lastKnownFileType = sourcecode.c.h; name = AFURLSessionManager.h; path = RNSslPinning/AFNetworking/AFURLSessionManager.h; sourceTree = SOURCE_ROOT; };
		2814E0AB22F050E900F85342 /* AFSecurityPolicy.m */ = {isa = PBXFileReference; fileEncoding = 4; lastKnownFileType = sourcecode.c.objc; name = AFSecurityPolicy.m; path = RNSslPinning/AFNetworking/AFSecurityPolicy.m; sourceTree = SOURCE_ROOT; };
		2814E0AC22F050E900F85342 /* AFSecurityPolicy.h */ = {isa = PBXFileReference; fileEncoding = 4; lastKnownFileType = sourcecode.c.h; name = AFSecurityPolicy.h; path = RNSslPinning/AFNetworking/AFSecurityPolicy.h; sourceTree = SOURCE_ROOT; };
		2814E0AD22F050E900F85342 /* AFNetworkReachabilityManager.h */ = {isa = PBXFileReference; fileEncoding = 4; lastKnownFileType = sourcecode.c.h; name = AFNetworkReachabilityManager.h; path = RNSslPinning/AFNetworking/AFNetworkReachabilityManager.h; sourceTree = SOURCE_ROOT; };
		2814E0AE22F050E900F85342 /* AFHTTPSessionManager.h */ = {isa = PBXFileReference; fileEncoding = 4; lastKnownFileType = sourcecode.c.h; name = AFHTTPSessionManager.h; path = RNSslPinning/AFNetworking/AFHTTPSessionManager.h; sourceTree = SOURCE_ROOT; };
/* End PBXFileReference section */

/* Begin PBXFrameworksBuildPhase section */
		58B511D81A9E6C8500147676 /* Frameworks */ = {
			isa = PBXFrameworksBuildPhase;
			buildActionMask = 2147483647;
			files = (
			);
			runOnlyForDeploymentPostprocessing = 0;
		};
/* End PBXFrameworksBuildPhase section */

/* Begin PBXGroup section */
		134814211AA4EA7D00B7C361 /* Products */ = {
			isa = PBXGroup;
			children = (
				134814201AA4EA6300B7C361 /* libRNSslPinning.a */,
			);
			name = Products;
			sourceTree = "<group>";
		};
		286741E020DAA25700DBD62C /* AFNetworking */ = {
			isa = PBXGroup;
			children = (
				2814E0A122F050E800F85342 /* AFCompatibilityMacros.h */,
				2814E0AE22F050E900F85342 /* AFHTTPSessionManager.h */,
				2814E0A422F050E900F85342 /* AFHTTPSessionManager.m */,
				2814E0A922F050E900F85342 /* AFNetworking.h */,
				2814E0AD22F050E900F85342 /* AFNetworkReachabilityManager.h */,
				2814E0A822F050E900F85342 /* AFNetworkReachabilityManager.m */,
				2814E0AC22F050E900F85342 /* AFSecurityPolicy.h */,
				2814E0AB22F050E900F85342 /* AFSecurityPolicy.m */,
				2814E0A322F050E900F85342 /* AFURLRequestSerialization.h */,
				2814E0A222F050E800F85342 /* AFURLRequestSerialization.m */,
				2814E0A722F050E900F85342 /* AFURLResponseSerialization.h */,
				2814E0A622F050E900F85342 /* AFURLResponseSerialization.m */,
				2814E0AA22F050E900F85342 /* AFURLSessionManager.h */,
				2814E0A522F050E900F85342 /* AFURLSessionManager.m */,
			);
			path = AFNetworking;
			sourceTree = "<group>";
		};
		58B511D21A9E6C8500147676 = {
			isa = PBXGroup;
			children = (
				286741E020DAA25700DBD62C /* AFNetworking */,
				2814E09F22F050C400F85342 /* RNSslPinning.h */,
				2814E09E22F050C400F85342 /* RNSslPinning.m */,
				134814211AA4EA7D00B7C361 /* Products */,
			);
			sourceTree = "<group>";
		};
/* End PBXGroup section */

/* Begin PBXNativeTarget section */
		58B511DA1A9E6C8500147676 /* RNSslPinning */ = {
			isa = PBXNativeTarget;
			buildConfigurationList = 58B511EF1A9E6C8500147676 /* Build configuration list for PBXNativeTarget "RNSslPinning" */;
			buildPhases = (
				58B511D71A9E6C8500147676 /* Sources */,
				58B511D81A9E6C8500147676 /* Frameworks */,
				58B511D91A9E6C8500147676 /* CopyFiles */,
			);
			buildRules = (
			);
			dependencies = (
			);
			name = RNSslPinning;
			productName = RCTDataManager;
			productReference = 134814201AA4EA6300B7C361 /* libRNSslPinning.a */;
			productType = "com.apple.product-type.library.static";
		};
/* End PBXNativeTarget section */

/* Begin PBXProject section */
		58B511D31A9E6C8500147676 /* Project object */ = {
			isa = PBXProject;
			attributes = {
				LastUpgradeCheck = 0830;
				ORGANIZATIONNAME = Facebook;
				TargetAttributes = {
					58B511DA1A9E6C8500147676 = {
						CreatedOnToolsVersion = 6.1.1;
					};
				};
			};
			buildConfigurationList = 58B511D61A9E6C8500147676 /* Build configuration list for PBXProject "RNSslPinning" */;
			compatibilityVersion = "Xcode 3.2";
			developmentRegion = English;
			hasScannedForEncodings = 0;
			knownRegions = (
				English,
				en,
			);
			mainGroup = 58B511D21A9E6C8500147676;
			productRefGroup = 58B511D21A9E6C8500147676;
			projectDirPath = "";
			projectRoot = "";
			targets = (
				58B511DA1A9E6C8500147676 /* RNSslPinning */,
			);
		};
/* End PBXProject section */

/* Begin PBXSourcesBuildPhase section */
		58B511D71A9E6C8500147676 /* Sources */ = {
			isa = PBXSourcesBuildPhase;
			buildActionMask = 2147483647;
			files = (
				2814E0B422F050E900F85342 /* AFSecurityPolicy.m in Sources */,
				2814E0B022F050E900F85342 /* AFHTTPSessionManager.m in Sources */,
				2814E0B122F050E900F85342 /* AFURLSessionManager.m in Sources */,
				2814E0A022F050C500F85342 /* RNSslPinning.m in Sources */,
				2814E0AF22F050E900F85342 /* AFURLRequestSerialization.m in Sources */,
				2814E0B322F050E900F85342 /* AFNetworkReachabilityManager.m in Sources */,
				2814E0B222F050E900F85342 /* AFURLResponseSerialization.m in Sources */,
			);
			runOnlyForDeploymentPostprocessing = 0;
		};
/* End PBXSourcesBuildPhase section */

/* Begin XCBuildConfiguration section */
		58B511ED1A9E6C8500147676 /* Debug */ = {
			isa = XCBuildConfiguration;
			buildSettings = {
				ALWAYS_SEARCH_USER_PATHS = NO;
				CLANG_CXX_LANGUAGE_STANDARD = "gnu++0x";
				CLANG_CXX_LIBRARY = "libc++";
				CLANG_ENABLE_MODULES = YES;
				CLANG_ENABLE_OBJC_ARC = YES;
				CLANG_WARN_BOOL_CONVERSION = YES;
				CLANG_WARN_CONSTANT_CONVERSION = YES;
				CLANG_WARN_DIRECT_OBJC_ISA_USAGE = YES_ERROR;
				CLANG_WARN_EMPTY_BODY = YES;
				CLANG_WARN_ENUM_CONVERSION = YES;
				CLANG_WARN_INFINITE_RECURSION = YES;
				CLANG_WARN_INT_CONVERSION = YES;
				CLANG_WARN_OBJC_ROOT_CLASS = YES_ERROR;
				CLANG_WARN_SUSPICIOUS_MOVE = YES;
				CLANG_WARN_UNREACHABLE_CODE = YES;
				CLANG_WARN__DUPLICATE_METHOD_MATCH = YES;
				COPY_PHASE_STRIP = NO;
				ENABLE_STRICT_OBJC_MSGSEND = YES;
				ENABLE_TESTABILITY = YES;
				GCC_C_LANGUAGE_STANDARD = gnu99;
				GCC_DYNAMIC_NO_PIC = NO;
				GCC_NO_COMMON_BLOCKS = YES;
				GCC_OPTIMIZATION_LEVEL = 0;
				GCC_PREPROCESSOR_DEFINITIONS = (
					"DEBUG=1",
					"$(inherited)",
				);
				GCC_SYMBOLS_PRIVATE_EXTERN = NO;
				GCC_WARN_64_TO_32_BIT_CONVERSION = YES;
				GCC_WARN_ABOUT_RETURN_TYPE = YES_ERROR;
				GCC_WARN_UNDECLARED_SELECTOR = YES;
				GCC_WARN_UNINITIALIZED_AUTOS = YES_AGGRESSIVE;
				GCC_WARN_UNUSED_FUNCTION = YES;
				GCC_WARN_UNUSED_VARIABLE = YES;
				IPHONEOS_DEPLOYMENT_TARGET = 8.0;
				MTL_ENABLE_DEBUG_INFO = YES;
				ONLY_ACTIVE_ARCH = YES;
				SDKROOT = iphoneos;
			};
			name = Debug;
		};
		58B511EE1A9E6C8500147676 /* Release */ = {
			isa = XCBuildConfiguration;
			buildSettings = {
				ALWAYS_SEARCH_USER_PATHS = NO;
				CLANG_CXX_LANGUAGE_STANDARD = "gnu++0x";
				CLANG_CXX_LIBRARY = "libc++";
				CLANG_ENABLE_MODULES = YES;
				CLANG_ENABLE_OBJC_ARC = YES;
				CLANG_WARN_BOOL_CONVERSION = YES;
				CLANG_WARN_CONSTANT_CONVERSION = YES;
				CLANG_WARN_DIRECT_OBJC_ISA_USAGE = YES_ERROR;
				CLANG_WARN_EMPTY_BODY = YES;
				CLANG_WARN_ENUM_CONVERSION = YES;
				CLANG_WARN_INFINITE_RECURSION = YES;
				CLANG_WARN_INT_CONVERSION = YES;
				CLANG_WARN_OBJC_ROOT_CLASS = YES_ERROR;
				CLANG_WARN_SUSPICIOUS_MOVE = YES;
				CLANG_WARN_UNREACHABLE_CODE = YES;
				CLANG_WARN__DUPLICATE_METHOD_MATCH = YES;
				COPY_PHASE_STRIP = YES;
				ENABLE_NS_ASSERTIONS = NO;
				ENABLE_STRICT_OBJC_MSGSEND = YES;
				GCC_C_LANGUAGE_STANDARD = gnu99;
				GCC_NO_COMMON_BLOCKS = YES;
				GCC_WARN_64_TO_32_BIT_CONVERSION = YES;
				GCC_WARN_ABOUT_RETURN_TYPE = YES_ERROR;
				GCC_WARN_UNDECLARED_SELECTOR = YES;
				GCC_WARN_UNINITIALIZED_AUTOS = YES_AGGRESSIVE;
				GCC_WARN_UNUSED_FUNCTION = YES;
				GCC_WARN_UNUSED_VARIABLE = YES;
				IPHONEOS_DEPLOYMENT_TARGET = 8.0;
				MTL_ENABLE_DEBUG_INFO = NO;
				SDKROOT = iphoneos;
				VALIDATE_PRODUCT = YES;
			};
			name = Release;
		};
		58B511F01A9E6C8500147676 /* Debug */ = {
			isa = XCBuildConfiguration;
			buildSettings = {
				HEADER_SEARCH_PATHS = (
					"$(inherited)",
					/Applications/Xcode.app/Contents/Developer/Toolchains/XcodeDefault.xctoolchain/usr/include,
					"$(SRCROOT)/../../../React/**",
					"$(SRCROOT)/../../react-native/React/**",
				);
				LIBRARY_SEARCH_PATHS = "$(inherited)";
				OTHER_LDFLAGS = "-ObjC";
				PRODUCT_NAME = RNSslPinning;
				SKIP_INSTALL = YES;
			};
			name = Debug;
		};
		58B511F11A9E6C8500147676 /* Release */ = {
			isa = XCBuildConfiguration;
			buildSettings = {
				HEADER_SEARCH_PATHS = (
					"$(inherited)",
					/Applications/Xcode.app/Contents/Developer/Toolchains/XcodeDefault.xctoolchain/usr/include,
					"$(SRCROOT)/../../../React/**",
					"$(SRCROOT)/../../react-native/React/**",
				);
				LIBRARY_SEARCH_PATHS = "$(inherited)";
				OTHER_LDFLAGS = "-ObjC";
				PRODUCT_NAME = RNSslPinning;
				SKIP_INSTALL = YES;
			};
			name = Release;
		};
/* End XCBuildConfiguration section */

/* Begin XCConfigurationList section */
		58B511D61A9E6C8500147676 /* Build configuration list for PBXProject "RNSslPinning" */ = {
			isa = XCConfigurationList;
			buildConfigurations = (
				58B511ED1A9E6C8500147676 /* Debug */,
				58B511EE1A9E6C8500147676 /* Release */,
			);
			defaultConfigurationIsVisible = 0;
			defaultConfigurationName = Release;
		};
		58B511EF1A9E6C8500147676 /* Build configuration list for PBXNativeTarget "RNSslPinning" */ = {
			isa = XCConfigurationList;
			buildConfigurations = (
				58B511F01A9E6C8500147676 /* Debug */,
				58B511F11A9E6C8500147676 /* Release */,
			);
			defaultConfigurationIsVisible = 0;
			defaultConfigurationName = Release;
		};
/* End XCConfigurationList section */
	};
	rootObject = 58B511D31A9E6C8500147676 /* Project object */;
}
